
Microsoft Visual Studio Solution File, Format Version 12.00
# Visual Studio Version 16
VisualStudioVersion = 16.0.29503.13
MinimumVisualStudioVersion = 10.0.40219.1
Project("{FAE04EC0-301F-11D3-BF4B-00C04F79EFBC}") = "Lab_1", "Lab_1\Lab_1.csproj", "{F2008C90-EDDF-4765-9BEA-9BE2E82AD8EF}"
EndProject
Project("{FAE04EC0-301F-11D3-BF4B-00C04F79EFBC}") = "Lab_2", "Lab_2\Lab_2.csproj", "{77A97F98-BA64-4145-8E5D-B585B276B60B}"
EndProject
Project("{FAE04EC0-301F-11D3-BF4B-00C04F79EFBC}") = "Lab_3", "Lab_3\Lab_3.csproj", "{6F1FD547-97B4-4950-810C-017DBA739E9B}"
EndProject
Project("{FAE04EC0-301F-11D3-BF4B-00C04F79EFBC}") = "Lab_4", "Lab_4\Lab_4.csproj", "{FE2A221F-45B6-4087-A25A-8BEAE628611F}"
EndProject
Global
	GlobalSection(SolutionConfigurationPlatforms) = preSolution
		Debug|Any CPU = Debug|Any CPU
		Release|Any CPU = Release|Any CPU
	EndGlobalSection
	GlobalSection(ProjectConfigurationPlatforms) = postSolution
		{F2008C90-EDDF-4765-9BEA-9BE2E82AD8EF}.Debug|Any CPU.ActiveCfg = Debug|Any CPU
		{F2008C90-EDDF-4765-9BEA-9BE2E82AD8EF}.Debug|Any CPU.Build.0 = Debug|Any CPU
		{F2008C90-EDDF-4765-9BEA-9BE2E82AD8EF}.Release|Any CPU.ActiveCfg = Release|Any CPU
		{F2008C90-EDDF-4765-9BEA-9BE2E82AD8EF}.Release|Any CPU.Build.0 = Release|Any CPU
		{77A97F98-BA64-4145-8E5D-B585B276B60B}.Debug|Any CPU.ActiveCfg = Debug|Any CPU
		{77A97F98-BA64-4145-8E5D-B585B276B60B}.Debug|Any CPU.Build.0 = Debug|Any CPU
		{77A97F98-BA64-4145-8E5D-B585B276B60B}.Release|Any CPU.ActiveCfg = Release|Any CPU
		{77A97F98-BA64-4145-8E5D-B585B276B60B}.Release|Any CPU.Build.0 = Release|Any CPU
		{6F1FD547-97B4-4950-810C-017DBA739E9B}.Debug|Any CPU.ActiveCfg = Debug|Any CPU
		{6F1FD547-97B4-4950-810C-017DBA739E9B}.Debug|Any CPU.Build.0 = Debug|Any CPU
		{6F1FD547-97B4-4950-810C-017DBA739E9B}.Release|Any CPU.ActiveCfg = Release|Any CPU
		{6F1FD547-97B4-4950-810C-017DBA739E9B}.Release|Any CPU.Build.0 = Release|Any CPU
		{FE2A221F-45B6-4087-A25A-8BEAE628611F}.Debug|Any CPU.ActiveCfg = Debug|Any CPU
		{FE2A221F-45B6-4087-A25A-8BEAE628611F}.Debug|Any CPU.Build.0 = Debug|Any CPU
		{FE2A221F-45B6-4087-A25A-8BEAE628611F}.Release|Any CPU.ActiveCfg = Release|Any CPU
		{FE2A221F-45B6-4087-A25A-8BEAE628611F}.Release|Any CPU.Build.0 = Release|Any CPU
	EndGlobalSection
	GlobalSection(SolutionProperties) = preSolution
		HideSolutionNode = FALSE
	EndGlobalSection
	GlobalSection(ExtensibilityGlobals) = postSolution
		SolutionGuid = {352847C8-294D-4275-AF30-26350A852C00}
	EndGlobalSection
EndGlobal
